
Microsoft Visual Studio Solution File, Format Version 12.00
# Visual Studio Version 17
VisualStudioVersion = 17.12.35527.113
MinimumVisualStudioVersion = 10.0.40219.1
Project("{FAE04EC0-301F-11D3-BF4B-00C04F79EFBC}") = "TaskPlanner.App", "TaskPlanner.App\TaskPlanner.App.csproj", "{C1945D51-7A67-4ECF-8763-8CAE22F78CAA}"
EndProject
Project("{FAE04EC0-301F-11D3-BF4B-00C04F79EFBC}") = "TaskPlanner.Data", "TaskPlanner.Data\TaskPlanner.Data.csproj", "{A5C80416-A7CC-49C2-8F22-181411E6D4E6}"
EndProject
Global
	GlobalSection(SolutionConfigurationPlatforms) = preSolution
		Debug|Any CPU = Debug|Any CPU
		Release|Any CPU = Release|Any CPU
	EndGlobalSection
	GlobalSection(ProjectConfigurationPlatforms) = postSolution
		{C1945D51-7A67-4ECF-8763-8CAE22F78CAA}.Debug|Any CPU.ActiveCfg = Debug|Any CPU
		{C1945D51-7A67-4ECF-8763-8CAE22F78CAA}.Debug|Any CPU.Build.0 = Debug|Any CPU
		{C1945D51-7A67-4ECF-8763-8CAE22F78CAA}.Release|Any CPU.ActiveCfg = Release|Any CPU
		{C1945D51-7A67-4ECF-8763-8CAE22F78CAA}.Release|Any CPU.Build.0 = Release|Any CPU
		{A5C80416-A7CC-49C2-8F22-181411E6D4E6}.Debug|Any CPU.ActiveCfg = Debug|Any CPU
		{A5C80416-A7CC-49C2-8F22-181411E6D4E6}.Debug|Any CPU.Build.0 = Debug|Any CPU
		{A5C80416-A7CC-49C2-8F22-181411E6D4E6}.Release|Any CPU.ActiveCfg = Release|Any CPU
		{A5C80416-A7CC-49C2-8F22-181411E6D4E6}.Release|Any CPU.Build.0 = Release|Any CPU
	EndGlobalSection
	GlobalSection(SolutionProperties) = preSolution
		HideSolutionNode = FALSE
	EndGlobalSection
EndGlobal
